# This file is autogenerated, do not edit; changes may be undone by the next 'dep ensure'.


[[projects]]
  digest = "1:90d3b6d3b506a18261e9c112bbc850bb2759e1919457d067c85cede0db7135df"
  name = "github.com/bhbosman/gomock"
  packages = ["gomock"]
  pruneopts = "UT"
  revision = "fecf2a38492458e8a04dee30c6eb8833323ca8aa"
  version = "bhbv1.0.5"

[[projects]]
  digest = "1:ffe9824d294da03b391f44e1ae8281281b4afc1bdaa9588c9097785e3af10cec"
  name = "github.com/davecgh/go-spew"
  packages = ["spew"]
  pruneopts = "UT"
  revision = "8991bc29aa16c548c550c7ff78260e27b9ab7c73"
  version = "v1.1.1"

[[projects]]
  digest = "1:0028cb19b2e4c3112225cd871870f2d9cf49b9b4276531f03438a88e94be86fe"
  name = "github.com/pmezard/go-difflib"
  packages = ["difflib"]
  pruneopts = "UT"
  revision = "792786c7400a136282c1664665ae0a8db921c6c2"
  version = "v1.0.0"

[[projects]]
  digest = "1:972c2427413d41a1e06ca4897e8528e5a1622894050e2f527b38ddf0f343f759"
  name = "github.com/stretchr/testify"
  packages = ["assert"]
  pruneopts = "UT"
  revision = "ffdc059bfe9ce6a4e144ba849dbedead332c6053"
  version = "v1.3.0"

[[projects]]
  digest = "1:a5158647b553c61877aa9ae74f4015000294e47981e6b8b07525edcbb0747c81"
  name = "go.uber.org/atomic"
  packages = ["."]
  pruneopts = "UT"
  revision = "df976f2515e274675050de7b3f42545de80594fd"
  version = "v1.4.0"

[[projects]]
  digest = "1:2773e4e922e5af534775962ffef08770b8114e177590f7605886528d37417105"
  name = "go.uber.org/dig"
  packages = [
    ".",
    "internal/digreflect",
    "internal/dot",
  ]
  pruneopts = "UT"
  revision = "7ff117f761a3f1b3eb521945c17a1091438eb6de"
  version = "v1.7.0"

[[projects]]
  digest = "1:74e59bc785a76b467b9a5c0353193e8befa0c27863413e5fc52e87cf3d24fa4e"
  name = "go.uber.org/fx"
  packages = [
    ".",
    "internal/fxlog",
    "internal/fxreflect",
    "internal/lifecycle",
  ]
  pruneopts = "UT"
  revision = "3de044da969b90ad0a3e4a7867a74662f645f3f9"
  version = "v1.9.0"

[[projects]]
  digest = "1:60bf2a5e347af463c42ed31a493d817f8a72f102543060ed992754e689805d1a"
  name = "go.uber.org/multierr"
  packages = ["."]
  pruneopts = "UT"
  revision = "3c4937480c32f4c13a875a1829af76c98ca3d40a"
  version = "v1.1.0"

[solve-meta]
  analyzer-name = "dep"
  analyzer-version = 1
  input-imports = [
    "github.com/bhbosman/gomock/gomock",
    "github.com/stretchr/testify/assert",
    "go.uber.org/fx",
    "go.uber.org/multierr",
  ]
  solver-name = "gps-cdcl"
  solver-version = 1
